{
  "name": "larc",
  "version": "2.0.0",
  "lockfileVersion": 3,
  "requires": true,
  "packages": {
    "": {
      "name": "larc",
      "version": "2.0.0",
      "license": "MIT",
      "workspaces": [
        "packages/*"
      ],
      "devDependencies": {}
    },
    "node_modules/@larcjs/components-types": {
      "resolved": "packages/components-types",
      "link": true
    },
    "node_modules/@larcjs/core-types": {
      "resolved": "packages/core-types",
      "link": true
    },
    "node_modules/@larcjs/devtools": {
      "resolved": "packages/devtools",
      "link": true
    },
    "packages/components-types": {
      "name": "@larcjs/components-types",
      "version": "1.0.2",
      "license": "MIT",
      "peerDependencies": {
        "@larcjs/components": "^1.1.0",
        "@larcjs/core-types": "^1.1.0"
      },
      "peerDependenciesMeta": {
        "@larcjs/components": {
          "optional": true
        }
      }
    },
    "packages/core-types": {
      "name": "@larcjs/core-types",
      "version": "1.1.1",
      "license": "MIT",
      "peerDependencies": {
        "@larcjs/core": "^1.1.0"
      },
      "peerDependenciesMeta": {
        "@larcjs/core": {
          "optional": true
        }
      }
    },
    "packages/devtools": {
      "name": "@larcjs/devtools",
      "version": "1.0.0",
      "license": "MIT"
    }
  }
}
